// !$*UTF8*$!
{
	archiveVersion = 1;
	classes = {
	};
	objectVersion = 56;
	objects = {

/* Begin PBXBuildFile section */
		9AC811E22B0EB4BD00AE476C /* eventEWApp.swift in Sources */ = {isa = PBXBuildFile; fileRef = 9AC811E12B0EB4BD00AE476C /* eventEWApp.swift */; };
		9AC811E42B0EB4BD00AE476C /* ContentView.swift in Sources */ = {isa = PBXBuildFile; fileRef = 9AC811E32B0EB4BD00AE476C /* ContentView.swift */; };
		9AC811E62B0EB4BE00AE476C /* Assets.xcassets in Resources */ = {isa = PBXBuildFile; fileRef = 9AC811E52B0EB4BE00AE476C /* Assets.xcassets */; };
		9AC811E92B0EB4BE00AE476C /* Preview Assets.xcassets in Resources */ = {isa = PBXBuildFile; fileRef = 9AC811E82B0EB4BE00AE476C /* Preview Assets.xcassets */; };
		9AC811EB2B0EB4BE00AE476C /* Persistence.swift in Sources */ = {isa = PBXBuildFile; fileRef = 9AC811EA2B0EB4BE00AE476C /* Persistence.swift */; };
		9AC811EE2B0EB4BE00AE476C /* eventEW.xcdatamodeld in Sources */ = {isa = PBXBuildFile; fileRef = 9AC811EC2B0EB4BE00AE476C /* eventEW.xcdatamodeld */; };
		9AC811F92B0EB6FD00AE476C /* Event.swift in Sources */ = {isa = PBXBuildFile; fileRef = 9AC811F82B0EB6FD00AE476C /* Event.swift */; };
		9AC811FB2B0EB7AA00AE476C /* EventView.swift in Sources */ = {isa = PBXBuildFile; fileRef = 9AC811FA2B0EB7AA00AE476C /* EventView.swift */; };
		9AC811FD2B0EB80B00AE476C /* EventCell.swift in Sources */ = {isa = PBXBuildFile; fileRef = 9AC811FC2B0EB80B00AE476C /* EventCell.swift */; };
		9AC811FF2B0EBB0B00AE476C /* UpdateEventView.swift in Sources */ = {isa = PBXBuildFile; fileRef = 9AC811FE2B0EBB0B00AE476C /* UpdateEventView.swift */; };
		9AC812012B0EBFD500AE476C /* AddEventView.swift in Sources */ = {isa = PBXBuildFile; fileRef = 9AC812002B0EBFD500AE476C /* AddEventView.swift */; };
/* End PBXBuildFile section */

/* Begin PBXFileReference section */
		9AC811DE2B0EB4BD00AE476C /* eventEW.app */ = {isa = PBXFileReference; explicitFileType = wrapper.application; includeInIndex = 0; path = eventEW.app; sourceTree = BUILT_PRODUCTS_DIR; };
		9AC811E12B0EB4BD00AE476C /* eventEWApp.swift */ = {isa = PBXFileReference; lastKnownFileType = sourcecode.swift; path = eventEWApp.swift; sourceTree = "<group>"; };
		9AC811E32B0EB4BD00AE476C /* ContentView.swift */ = {isa = PBXFileReference; lastKnownFileType = sourcecode.swift; path = ContentView.swift; sourceTree = "<group>"; };
		9AC811E52B0EB4BE00AE476C /* Assets.xcassets */ = {isa = PBXFileReference; lastKnownFileType = folder.assetcatalog; path = Assets.xcassets; sourceTree = "<group>"; };
		9AC811E82B0EB4BE00AE476C /* Preview Assets.xcassets */ = {isa = PBXFileReference; lastKnownFileType = folder.assetcatalog; path = "Preview Assets.xcassets"; sourceTree = "<group>"; };
		9AC811EA2B0EB4BE00AE476C /* Persistence.swift */ = {isa = PBXFileReference; lastKnownFileType = sourcecode.swift; path = Persistence.swift; sourceTree = "<group>"; };
		9AC811ED2B0EB4BE00AE476C /* eventEW.xcdatamodel */ = {isa = PBXFileReference; lastKnownFileType = wrapper.xcdatamodel; path = eventEW.xcdatamodel; sourceTree = "<group>"; };
		9AC811F82B0EB6FD00AE476C /* Event.swift */ = {isa = PBXFileReference; lastKnownFileType = sourcecode.swift; path = Event.swift; sourceTree = "<group>"; };
		9AC811FA2B0EB7AA00AE476C /* EventView.swift */ = {isa = PBXFileReference; lastKnownFileType = sourcecode.swift; path = EventView.swift; sourceTree = "<group>"; };
		9AC811FC2B0EB80B00AE476C /* EventCell.swift */ = {isa = PBXFileReference; lastKnownFileType = sourcecode.swift; path = EventCell.swift; sourceTree = "<group>"; };
		9AC811FE2B0EBB0B00AE476C /* UpdateEventView.swift */ = {isa = PBXFileReference; lastKnownFileType = sourcecode.swift; path = UpdateEventView.swift; sourceTree = "<group>"; };
		9AC812002B0EBFD500AE476C /* AddEventView.swift */ = {isa = PBXFileReference; lastKnownFileType = sourcecode.swift; path = AddEventView.swift; sourceTree = "<group>"; };
/* End PBXFileReference section */

/* Begin PBXFrameworksBuildPhase section */
		9AC811DB2B0EB4BD00AE476C /* Frameworks */ = {
			isa = PBXFrameworksBuildPhase;
			buildActionMask = 2147483647;
			files = (
			);
			runOnlyForDeploymentPostprocessing = 0;
		};
/* End PBXFrameworksBuildPhase section */

/* Begin PBXGroup section */
		9AC811D52B0EB4BD00AE476C = {
			isa = PBXGroup;
			children = (
				9AC811E02B0EB4BD00AE476C /* eventEW */,
				9AC811DF2B0EB4BD00AE476C /* Products */,
			);
			sourceTree = "<group>";
		};
		9AC811DF2B0EB4BD00AE476C /* Products */ = {
			isa = PBXGroup;
			children = (
				9AC811DE2B0EB4BD00AE476C /* eventEW.app */,
			);
			name = Products;
			sourceTree = "<group>";
		};
		9AC811E02B0EB4BD00AE476C /* eventEW */ = {
			isa = PBXGroup;
			children = (
				9AC811F72B0EB5A000AE476C /* Models */,
				9AC811F62B0EB59500AE476C /* Views */,
				9AC811F52B0EB58500AE476C /* ViewModels */,
				9AC811F42B0EB57500AE476C /* Services */,
				9AC811E12B0EB4BD00AE476C /* eventEWApp.swift */,
				9AC811E32B0EB4BD00AE476C /* ContentView.swift */,
				9AC811E52B0EB4BE00AE476C /* Assets.xcassets */,
				9AC811EA2B0EB4BE00AE476C /* Persistence.swift */,
				9AC811EC2B0EB4BE00AE476C /* eventEW.xcdatamodeld */,
				9AC811E72B0EB4BE00AE476C /* Preview Content */,
			);
			path = eventEW;
			sourceTree = "<group>";
		};
		9AC811E72B0EB4BE00AE476C /* Preview Content */ = {
			isa = PBXGroup;
			children = (
				9AC811E82B0EB4BE00AE476C /* Preview Assets.xcassets */,
			);
			path = "Preview Content";
			sourceTree = "<group>";
		};
		9AC811F42B0EB57500AE476C /* Services */ = {
			isa = PBXGroup;
			children = (
			);
			path = Services;
			sourceTree = "<group>";
		};
		9AC811F52B0EB58500AE476C /* ViewModels */ = {
			isa = PBXGroup;
			children = (
			);
			path = ViewModels;
			sourceTree = "<group>";
		};
		9AC811F62B0EB59500AE476C /* Views */ = {
			isa = PBXGroup;
			children = (
				9AC811FA2B0EB7AA00AE476C /* EventView.swift */,
				9AC811FC2B0EB80B00AE476C /* EventCell.swift */,
				9AC811FE2B0EBB0B00AE476C /* UpdateEventView.swift */,
				9AC812002B0EBFD500AE476C /* AddEventView.swift */,
			);
			path = Views;
			sourceTree = "<group>";
		};
		9AC811F72B0EB5A000AE476C /* Models */ = {
			isa = PBXGroup;
			children = (
				9AC811F82B0EB6FD00AE476C /* Event.swift */,
			);
			path = Models;
			sourceTree = "<group>";
		};
/* End PBXGroup section */

/* Begin PBXNativeTarget section */
		9AC811DD2B0EB4BD00AE476C /* eventEW */ = {
			isa = PBXNativeTarget;
			buildConfigurationList = 9AC811F12B0EB4BE00AE476C /* Build configuration list for PBXNativeTarget "eventEW" */;
			buildPhases = (
				9AC811DA2B0EB4BD00AE476C /* Sources */,
				9AC811DB2B0EB4BD00AE476C /* Frameworks */,
				9AC811DC2B0EB4BD00AE476C /* Resources */,
			);
			buildRules = (
			);
			dependencies = (
			);
			name = eventEW;
			productName = eventEW;
			productReference = 9AC811DE2B0EB4BD00AE476C /* eventEW.app */;
			productType = "com.apple.product-type.application";
		};
/* End PBXNativeTarget section */

/* Begin PBXProject section */
		9AC811D62B0EB4BD00AE476C /* Project object */ = {
			isa = PBXProject;
			attributes = {
				BuildIndependentTargetsInParallel = 1;
				LastSwiftUpdateCheck = 1410;
				LastUpgradeCheck = 1410;
				TargetAttributes = {
					9AC811DD2B0EB4BD00AE476C = {
						CreatedOnToolsVersion = 14.1;
					};
				};
			};
			buildConfigurationList = 9AC811D92B0EB4BD00AE476C /* Build configuration list for PBXProject "eventEW" */;
			compatibilityVersion = "Xcode 14.0";
			developmentRegion = en;
			hasScannedForEncodings = 0;
			knownRegions = (
				en,
				Base,
			);
			mainGroup = 9AC811D52B0EB4BD00AE476C;
			productRefGroup = 9AC811DF2B0EB4BD00AE476C /* Products */;
			projectDirPath = "";
			projectRoot = "";
			targets = (
				9AC811DD2B0EB4BD00AE476C /* eventEW */,
			);
		};
/* End PBXProject section */

/* Begin PBXResourcesBuildPhase section */
		9AC811DC2B0EB4BD00AE476C /* Resources */ = {
			isa = PBXResourcesBuildPhase;
			buildActionMask = 2147483647;
			files = (
				9AC811E92B0EB4BE00AE476C /* Preview Assets.xcassets in Resources */,
				9AC811E62B0EB4BE00AE476C /* Assets.xcassets in Resources */,
			);
			runOnlyForDeploymentPostprocessing = 0;
		};
/* End PBXResourcesBuildPhase section */

/* Begin PBXSourcesBuildPhase section */
		9AC811DA2B0EB4BD00AE476C /* Sources */ = {
			isa = PBXSourcesBuildPhase;
			buildActionMask = 2147483647;
			files = (
				9AC811FF2B0EBB0B00AE476C /* UpdateEventView.swift in Sources */,
				9AC811EB2B0EB4BE00AE476C /* Persistence.swift in Sources */,
				9AC811E42B0EB4BD00AE476C /* ContentView.swift in Sources */,
				9AC811EE2B0EB4BE00AE476C /* eventEW.xcdatamodeld in Sources */,
				9AC812012B0EBFD500AE476C /* AddEventView.swift in Sources */,
				9AC811FB2B0EB7AA00AE476C /* EventView.swift in Sources */,
				9AC811E22B0EB4BD00AE476C /* eventEWApp.swift in Sources */,
				9AC811F92B0EB6FD00AE476C /* Event.swift in Sources */,
				9AC811FD2B0EB80B00AE476C /* EventCell.swift in Sources */,
			);
			runOnlyForDeploymentPostprocessing = 0;
		};
/* End PBXSourcesBuildPhase section */

/* Begin XCBuildConfiguration section */
		9AC811EF2B0EB4BE00AE476C /* Debug */ = {
			isa = XCBuildConfiguration;
			buildSettings = {
				ALWAYS_SEARCH_USER_PATHS = NO;
				CLANG_ANALYZER_NONNULL = YES;
				CLANG_ANALYZER_NUMBER_OBJECT_CONVERSION = YES_AGGRESSIVE;
				CLANG_CXX_LANGUAGE_STANDARD = "gnu++20";
				CLANG_ENABLE_MODULES = YES;
				CLANG_ENABLE_OBJC_ARC = YES;
				CLANG_ENABLE_OBJC_WEAK = YES;
				CLANG_WARN_BLOCK_CAPTURE_AUTORELEASING = YES;
				CLANG_WARN_BOOL_CONVERSION = YES;
				CLANG_WARN_COMMA = YES;
				CLANG_WARN_CONSTANT_CONVERSION = YES;
				CLANG_WARN_DEPRECATED_OBJC_IMPLEMENTATIONS = YES;
				CLANG_WARN_DIRECT_OBJC_ISA_USAGE = YES_ERROR;
				CLANG_WARN_DOCUMENTATION_COMMENTS = YES;
				CLANG_WARN_EMPTY_BODY = YES;
				CLANG_WARN_ENUM_CONVERSION = YES;
				CLANG_WARN_INFINITE_RECURSION = YES;
				CLANG_WARN_INT_CONVERSION = YES;
				CLANG_WARN_NON_LITERAL_NULL_CONVERSION = YES;
				CLANG_WARN_OBJC_IMPLICIT_RETAIN_SELF = YES;
				CLANG_WARN_OBJC_LITERAL_CONVERSION = YES;
				CLANG_WARN_OBJC_ROOT_CLASS = YES_ERROR;
				CLANG_WARN_QUOTED_INCLUDE_IN_FRAMEWORK_HEADER = YES;
				CLANG_WARN_RANGE_LOOP_ANALYSIS = YES;
				CLANG_WARN_STRICT_PROTOTYPES = YES;
				CLANG_WARN_SUSPICIOUS_MOVE = YES;
				CLANG_WARN_UNGUARDED_AVAILABILITY = YES_AGGRESSIVE;
				CLANG_WARN_UNREACHABLE_CODE = YES;
				CLANG_WARN__DUPLICATE_METHOD_MATCH = YES;
				COPY_PHASE_STRIP = NO;
				DEBUG_INFORMATION_FORMAT = dwarf;
				ENABLE_STRICT_OBJC_MSGSEND = YES;
				ENABLE_TESTABILITY = YES;
				GCC_C_LANGUAGE_STANDARD = gnu11;
				GCC_DYNAMIC_NO_PIC = NO;
				GCC_NO_COMMON_BLOCKS = YES;
				GCC_OPTIMIZATION_LEVEL = 0;
				GCC_PREPROCESSOR_DEFINITIONS = (
					"DEBUG=1",
					"$(inherited)",
				);
				GCC_WARN_64_TO_32_BIT_CONVERSION = YES;
				GCC_WARN_ABOUT_RETURN_TYPE = YES_ERROR;
				GCC_WARN_UNDECLARED_SELECTOR = YES;
				GCC_WARN_UNINITIALIZED_AUTOS = YES_AGGRESSIVE;
				GCC_WARN_UNUSED_FUNCTION = YES;
				GCC_WARN_UNUSED_VARIABLE = YES;
				IPHONEOS_DEPLOYMENT_TARGET = 16.1;
				MTL_ENABLE_DEBUG_INFO = INCLUDE_SOURCE;
				MTL_FAST_MATH = YES;
				ONLY_ACTIVE_ARCH = YES;
				SDKROOT = iphoneos;
				SWIFT_ACTIVE_COMPILATION_CONDITIONS = DEBUG;
				SWIFT_OPTIMIZATION_LEVEL = "-Onone";
			};
			name = Debug;
		};
		9AC811F02B0EB4BE00AE476C /* Release */ = {
			isa = XCBuildConfiguration;
			buildSettings = {
				ALWAYS_SEARCH_USER_PATHS = NO;
				CLANG_ANALYZER_NONNULL = YES;
				CLANG_ANALYZER_NUMBER_OBJECT_CONVERSION = YES_AGGRESSIVE;
				CLANG_CXX_LANGUAGE_STANDARD = "gnu++20";
				CLANG_ENABLE_MODULES = YES;
				CLANG_ENABLE_OBJC_ARC = YES;
				CLANG_ENABLE_OBJC_WEAK = YES;
				CLANG_WARN_BLOCK_CAPTURE_AUTORELEASING = YES;
				CLANG_WARN_BOOL_CONVERSION = YES;
				CLANG_WARN_COMMA = YES;
				CLANG_WARN_CONSTANT_CONVERSION = YES;
				CLANG_WARN_DEPRECATED_OBJC_IMPLEMENTATIONS = YES;
				CLANG_WARN_DIRECT_OBJC_ISA_USAGE = YES_ERROR;
				CLANG_WARN_DOCUMENTATION_COMMENTS = YES;
				CLANG_WARN_EMPTY_BODY = YES;
				CLANG_WARN_ENUM_CONVERSION = YES;
				CLANG_WARN_INFINITE_RECURSION = YES;
				CLANG_WARN_INT_CONVERSION = YES;
				CLANG_WARN_NON_LITERAL_NULL_CONVERSION = YES;
				CLANG_WARN_OBJC_IMPLICIT_RETAIN_SELF = YES;
				CLANG_WARN_OBJC_LITERAL_CONVERSION = YES;
				CLANG_WARN_OBJC_ROOT_CLASS = YES_ERROR;
				CLANG_WARN_QUOTED_INCLUDE_IN_FRAMEWORK_HEADER = YES;
				CLANG_WARN_RANGE_LOOP_ANALYSIS = YES;
				CLANG_WARN_STRICT_PROTOTYPES = YES;
				CLANG_WARN_SUSPICIOUS_MOVE = YES;
				CLANG_WARN_UNGUARDED_AVAILABILITY = YES_AGGRESSIVE;
				CLANG_WARN_UNREACHABLE_CODE = YES;
				CLANG_WARN__DUPLICATE_METHOD_MATCH = YES;
				COPY_PHASE_STRIP = NO;
				DEBUG_INFORMATION_FORMAT = "dwarf-with-dsym";
				ENABLE_NS_ASSERTIONS = NO;
				ENABLE_STRICT_OBJC_MSGSEND = YES;
				GCC_C_LANGUAGE_STANDARD = gnu11;
				GCC_NO_COMMON_BLOCKS = YES;
				GCC_WARN_64_TO_32_BIT_CONVERSION = YES;
				GCC_WARN_ABOUT_RETURN_TYPE = YES_ERROR;
				GCC_WARN_UNDECLARED_SELECTOR = YES;
				GCC_WARN_UNINITIALIZED_AUTOS = YES_AGGRESSIVE;
				GCC_WARN_UNUSED_FUNCTION = YES;
				GCC_WARN_UNUSED_VARIABLE = YES;
				IPHONEOS_DEPLOYMENT_TARGET = 16.1;
				MTL_ENABLE_DEBUG_INFO = NO;
				MTL_FAST_MATH = YES;
				SDKROOT = iphoneos;
				SWIFT_COMPILATION_MODE = wholemodule;
				SWIFT_OPTIMIZATION_LEVEL = "-O";
				VALIDATE_PRODUCT = YES;
			};
			name = Release;
		};
		9AC811F22B0EB4BE00AE476C /* Debug */ = {
			isa = XCBuildConfiguration;
			buildSettings = {
				ASSETCATALOG_COMPILER_APPICON_NAME = AppIcon;
				ASSETCATALOG_COMPILER_GLOBAL_ACCENT_COLOR_NAME = AccentColor;
				CODE_SIGN_STYLE = Automatic;
				CURRENT_PROJECT_VERSION = 1;
				DEVELOPMENT_ASSET_PATHS = "\"eventEW/Preview Content\"";
				ENABLE_PREVIEWS = YES;
				GENERATE_INFOPLIST_FILE = YES;
				INFOPLIST_KEY_UIApplicationSceneManifest_Generation = YES;
				INFOPLIST_KEY_UIApplicationSupportsIndirectInputEvents = YES;
				INFOPLIST_KEY_UILaunchScreen_Generation = YES;
				INFOPLIST_KEY_UISupportedInterfaceOrientations_iPad = "UIInterfaceOrientationPortrait UIInterfaceOrientationPortraitUpsideDown UIInterfaceOrientationLandscapeLeft UIInterfaceOrientationLandscapeRight";
				INFOPLIST_KEY_UISupportedInterfaceOrientations_iPhone = "UIInterfaceOrientationPortrait UIInterfaceOrientationLandscapeLeft UIInterfaceOrientationLandscapeRight";
				LD_RUNPATH_SEARCH_PATHS = (
					"$(inherited)",
					"@executable_path/Frameworks",
				);
				MARKETING_VERSION = 1.0;
				PRODUCT_BUNDLE_IDENTIFIER = "com.esprit.-SIM4.eventEW";
				PRODUCT_NAME = "$(TARGET_NAME)";
				SWIFT_EMIT_LOC_STRINGS = YES;
				SWIFT_VERSION = 5.0;
				TARGETED_DEVICE_FAMILY = "1,2";
			};
			name = Debug;
		};
		9AC811F32B0EB4BE00AE476C /* Release */ = {
			isa = XCBuildConfiguration;
			buildSettings = {
				ASSETCATALOG_COMPILER_APPICON_NAME = AppIcon;
				ASSETCATALOG_COMPILER_GLOBAL_ACCENT_COLOR_NAME = AccentColor;
				CODE_SIGN_STYLE = Automatic;
				CURRENT_PROJECT_VERSION = 1;
				DEVELOPMENT_ASSET_PATHS = "\"eventEW/Preview Content\"";
				ENABLE_PREVIEWS = YES;
				GENERATE_INFOPLIST_FILE = YES;
				INFOPLIST_KEY_UIApplicationSceneManifest_Generation = YES;
				INFOPLIST_KEY_UIApplicationSupportsIndirectInputEvents = YES;
				INFOPLIST_KEY_UILaunchScreen_Generation = YES;
				INFOPLIST_KEY_UISupportedInterfaceOrientations_iPad = "UIInterfaceOrientationPortrait UIInterfaceOrientationPortraitUpsideDown UIInterfaceOrientationLandscapeLeft UIInterfaceOrientationLandscapeRight";
				INFOPLIST_KEY_UISupportedInterfaceOrientations_iPhone = "UIInterfaceOrientationPortrait UIInterfaceOrientationLandscapeLeft UIInterfaceOrientationLandscapeRight";
				LD_RUNPATH_SEARCH_PATHS = (
					"$(inherited)",
					"@executable_path/Frameworks",
				);
				MARKETING_VERSION = 1.0;
				PRODUCT_BUNDLE_IDENTIFIER = "com.esprit.-SIM4.eventEW";
				PRODUCT_NAME = "$(TARGET_NAME)";
				SWIFT_EMIT_LOC_STRINGS = YES;
				SWIFT_VERSION = 5.0;
				TARGETED_DEVICE_FAMILY = "1,2";
			};
			name = Release;
		};
/* End XCBuildConfiguration section */

/* Begin XCConfigurationList section */
		9AC811D92B0EB4BD00AE476C /* Build configuration list for PBXProject "eventEW" */ = {
			isa = XCConfigurationList;
			buildConfigurations = (
				9AC811EF2B0EB4BE00AE476C /* Debug */,
				9AC811F02B0EB4BE00AE476C /* Release */,
			);
			defaultConfigurationIsVisible = 0;
			defaultConfigurationName = Release;
		};
		9AC811F12B0EB4BE00AE476C /* Build configuration list for PBXNativeTarget "eventEW" */ = {
			isa = XCConfigurationList;
			buildConfigurations = (
				9AC811F22B0EB4BE00AE476C /* Debug */,
				9AC811F32B0EB4BE00AE476C /* Release */,
			);
			defaultConfigurationIsVisible = 0;
			defaultConfigurationName = Release;
		};
/* End XCConfigurationList section */

/* Begin XCVersionGroup section */
		9AC811EC2B0EB4BE00AE476C /* eventEW.xcdatamodeld */ = {
			isa = XCVersionGroup;
			children = (
				9AC811ED2B0EB4BE00AE476C /* eventEW.xcdatamodel */,
			);
			currentVersion = 9AC811ED2B0EB4BE00AE476C /* eventEW.xcdatamodel */;
			path = eventEW.xcdatamodeld;
			sourceTree = "<group>";
			versionGroupType = wrapper.xcdatamodel;
		};
/* End XCVersionGroup section */
	};
	rootObject = 9AC811D62B0EB4BD00AE476C /* Project object */;
}
